
Microsoft Visual Studio Solution File, Format Version 12.00
# Visual Studio Version 17
VisualStudioVersion = 17.0.32112.339
MinimumVisualStudioVersion = 10.0.40219.1
Project("{9A19103F-16F7-4668-BE54-9A1E7A4F7556}") = "Task 1.1, 2", "GB HW 02.22\Task 1.1, 2.csproj", "{8F5B00DE-BE47-4258-91DD-614A18A7BB4D}"
EndProject
Project("{9A19103F-16F7-4668-BE54-9A1E7A4F7556}") = "Task 1.3", "less 1.3\Task 1.3.csproj", "{84CECC3B-9F3B-472E-8C74-03F78157BF29}"
EndProject
Project("{9A19103F-16F7-4668-BE54-9A1E7A4F7556}") = "Task 1.4", "less 1.4\Task 1.4.csproj", "{2F28952E-C632-478A-8180-A8FE899B4A7E}"
EndProject
Project("{9A19103F-16F7-4668-BE54-9A1E7A4F7556}") = "Task 1.5", "less 5\Task 1.5.csproj", "{2C771987-E0D2-4D04-8432-B4F2768BF59D}"
EndProject
Project("{2150E333-8FDC-42A3-9474-1A3956D46DE8}") = "Lesson 1", "Lesson 1", "{F0C7F569-8387-4F25-A07B-CAFC2CABE4B1}"
EndProject
Project("{2150E333-8FDC-42A3-9474-1A3956D46DE8}") = "Lesson 2", "Lesson 2", "{6DE0A56F-9B90-41C1-A918-DA8945F29715}"
EndProject
Project("{9A19103F-16F7-4668-BE54-9A1E7A4F7556}") = "Lesson2", "Task 1\Lesson2.csproj", "{4F37A3BE-CC19-41E1-8820-1E1F4AAA1ADD}"
EndProject
Project("{2150E333-8FDC-42A3-9474-1A3956D46DE8}") = "test", "test", "{3E8370D1-CB36-4A26-960C-8D53A431AEC3}"
EndProject
Project("{9A19103F-16F7-4668-BE54-9A1E7A4F7556}") = "ConsoleApp1", "ConsoleApp1\ConsoleApp1.csproj", "{49F4DD6F-AAA2-442C-9ACC-E88A3569CBAD}"
EndProject
Project("{2150E333-8FDC-42A3-9474-1A3956D46DE8}") = "Lesson 3", "Lesson 3", "{8ED3C155-0C3B-41E7-8E5E-5D2DB7BE0ADB}"
EndProject
Project("{9A19103F-16F7-4668-BE54-9A1E7A4F7556}") = "Task 3.1a", "Task 3.1\Task 3.1a.csproj", "{DD3BDD06-1EB3-4A8F-BB2A-604E57CEB20E}"
EndProject
Project("{9A19103F-16F7-4668-BE54-9A1E7A4F7556}") = "Task 3.1b", "Task 3.1b\Task 3.1b.csproj", "{AF8BC150-ECEC-4C5F-B17A-E3D1367323F5}"
EndProject
Project("{9A19103F-16F7-4668-BE54-9A1E7A4F7556}") = "Task 3.2, 3", "Task 3.2\Task 3.2, 3.csproj", "{05A50D39-8537-49EB-983A-122FF0FD6159}"
	ProjectSection(ProjectDependencies) = postProject
		{0D70BF37-B592-46A9-9A4C-60AA08DCC702} = {0D70BF37-B592-46A9-9A4C-60AA08DCC702}
	EndProjectSection
EndProject
Project("{9A19103F-16F7-4668-BE54-9A1E7A4F7556}") = "UI", "UI\UI.csproj", "{0D70BF37-B592-46A9-9A4C-60AA08DCC702}"
EndProject
Project("{2150E333-8FDC-42A3-9474-1A3956D46DE8}") = "Lesson 4", "Lesson 4", "{47055E47-78E4-468C-BE2E-25A92151546E}"
	ProjectSection(SolutionItems) = preProject
		Accounts.txt = Accounts.txt
		TextFile1.txt = TextFile1.txt
	EndProjectSection
EndProject
Project("{9A19103F-16F7-4668-BE54-9A1E7A4F7556}") = "Lesson 4", "Lesson 4\Lesson 4.csproj", "{497BE416-C42A-4A18-B816-D4F150A6B3DC}"
EndProject
Project("{2150E333-8FDC-42A3-9474-1A3956D46DE8}") = "Solution Items", "Solution Items", "{D993B1A6-75B9-4F92-B1C6-FBF1E53E20D7}"
	ProjectSection(SolutionItems) = preProject
		2d.txt = 2d.txt
		Accounts.txt = Accounts.txt
		EGEdata.txt = EGEdata.txt
		Essay.txt = Essay.txt
		Names.txt = Names.txt
	EndProjectSection
EndProject
Project("{2150E333-8FDC-42A3-9474-1A3956D46DE8}") = "Lesson 5", "Lesson 5", "{363DD277-EE06-4ABD-B0E5-C6EA5DAB5885}"
	ProjectSection(SolutionItems) = preProject
		Accounts.txt = Accounts.txt
		Essay.txt = Essay.txt
	EndProjectSection
EndProject
Project("{FAE04EC0-301F-11D3-BF4B-00C04F79EFBC}") = "Lesson 5", "Lesson 5\Lesson 5.csproj", "{8AD76FA1-331C-4F19-A568-7DFEEAC4269C}"
EndProject
Global
	GlobalSection(SolutionConfigurationPlatforms) = preSolution
		Debug|Any CPU = Debug|Any CPU
		Release|Any CPU = Release|Any CPU
	EndGlobalSection
	GlobalSection(ProjectConfigurationPlatforms) = postSolution
		{8F5B00DE-BE47-4258-91DD-614A18A7BB4D}.Debug|Any CPU.ActiveCfg = Debug|Any CPU
		{8F5B00DE-BE47-4258-91DD-614A18A7BB4D}.Debug|Any CPU.Build.0 = Debug|Any CPU
		{8F5B00DE-BE47-4258-91DD-614A18A7BB4D}.Release|Any CPU.ActiveCfg = Release|Any CPU
		{8F5B00DE-BE47-4258-91DD-614A18A7BB4D}.Release|Any CPU.Build.0 = Release|Any CPU
		{84CECC3B-9F3B-472E-8C74-03F78157BF29}.Debug|Any CPU.ActiveCfg = Debug|Any CPU
		{84CECC3B-9F3B-472E-8C74-03F78157BF29}.Debug|Any CPU.Build.0 = Debug|Any CPU
		{84CECC3B-9F3B-472E-8C74-03F78157BF29}.Release|Any CPU.ActiveCfg = Release|Any CPU
		{84CECC3B-9F3B-472E-8C74-03F78157BF29}.Release|Any CPU.Build.0 = Release|Any CPU
		{2F28952E-C632-478A-8180-A8FE899B4A7E}.Debug|Any CPU.ActiveCfg = Debug|Any CPU
		{2F28952E-C632-478A-8180-A8FE899B4A7E}.Debug|Any CPU.Build.0 = Debug|Any CPU
		{2F28952E-C632-478A-8180-A8FE899B4A7E}.Release|Any CPU.ActiveCfg = Release|Any CPU
		{2F28952E-C632-478A-8180-A8FE899B4A7E}.Release|Any CPU.Build.0 = Release|Any CPU
		{2C771987-E0D2-4D04-8432-B4F2768BF59D}.Debug|Any CPU.ActiveCfg = Debug|Any CPU
		{2C771987-E0D2-4D04-8432-B4F2768BF59D}.Debug|Any CPU.Build.0 = Debug|Any CPU
		{2C771987-E0D2-4D04-8432-B4F2768BF59D}.Release|Any CPU.ActiveCfg = Release|Any CPU
		{2C771987-E0D2-4D04-8432-B4F2768BF59D}.Release|Any CPU.Build.0 = Release|Any CPU
		{4F37A3BE-CC19-41E1-8820-1E1F4AAA1ADD}.Debug|Any CPU.ActiveCfg = Debug|Any CPU
		{4F37A3BE-CC19-41E1-8820-1E1F4AAA1ADD}.Debug|Any CPU.Build.0 = Debug|Any CPU
		{4F37A3BE-CC19-41E1-8820-1E1F4AAA1ADD}.Release|Any CPU.ActiveCfg = Release|Any CPU
		{4F37A3BE-CC19-41E1-8820-1E1F4AAA1ADD}.Release|Any CPU.Build.0 = Release|Any CPU
		{49F4DD6F-AAA2-442C-9ACC-E88A3569CBAD}.Debug|Any CPU.ActiveCfg = Debug|Any CPU
		{49F4DD6F-AAA2-442C-9ACC-E88A3569CBAD}.Debug|Any CPU.Build.0 = Debug|Any CPU
		{49F4DD6F-AAA2-442C-9ACC-E88A3569CBAD}.Release|Any CPU.ActiveCfg = Release|Any CPU
		{49F4DD6F-AAA2-442C-9ACC-E88A3569CBAD}.Release|Any CPU.Build.0 = Release|Any CPU
		{DD3BDD06-1EB3-4A8F-BB2A-604E57CEB20E}.Debug|Any CPU.ActiveCfg = Debug|Any CPU
		{DD3BDD06-1EB3-4A8F-BB2A-604E57CEB20E}.Debug|Any CPU.Build.0 = Debug|Any CPU
		{DD3BDD06-1EB3-4A8F-BB2A-604E57CEB20E}.Release|Any CPU.ActiveCfg = Release|Any CPU
		{DD3BDD06-1EB3-4A8F-BB2A-604E57CEB20E}.Release|Any CPU.Build.0 = Release|Any CPU
		{AF8BC150-ECEC-4C5F-B17A-E3D1367323F5}.Debug|Any CPU.ActiveCfg = Debug|Any CPU
		{AF8BC150-ECEC-4C5F-B17A-E3D1367323F5}.Debug|Any CPU.Build.0 = Debug|Any CPU
		{AF8BC150-ECEC-4C5F-B17A-E3D1367323F5}.Release|Any CPU.ActiveCfg = Release|Any CPU
		{AF8BC150-ECEC-4C5F-B17A-E3D1367323F5}.Release|Any CPU.Build.0 = Release|Any CPU
		{05A50D39-8537-49EB-983A-122FF0FD6159}.Debug|Any CPU.ActiveCfg = Debug|Any CPU
		{05A50D39-8537-49EB-983A-122FF0FD6159}.Debug|Any CPU.Build.0 = Debug|Any CPU
		{05A50D39-8537-49EB-983A-122FF0FD6159}.Release|Any CPU.ActiveCfg = Release|Any CPU
		{05A50D39-8537-49EB-983A-122FF0FD6159}.Release|Any CPU.Build.0 = Release|Any CPU
		{0D70BF37-B592-46A9-9A4C-60AA08DCC702}.Debug|Any CPU.ActiveCfg = Debug|Any CPU
		{0D70BF37-B592-46A9-9A4C-60AA08DCC702}.Debug|Any CPU.Build.0 = Debug|Any CPU
		{0D70BF37-B592-46A9-9A4C-60AA08DCC702}.Release|Any CPU.ActiveCfg = Release|Any CPU
		{0D70BF37-B592-46A9-9A4C-60AA08DCC702}.Release|Any CPU.Build.0 = Release|Any CPU
		{497BE416-C42A-4A18-B816-D4F150A6B3DC}.Debug|Any CPU.ActiveCfg = Debug|Any CPU
		{497BE416-C42A-4A18-B816-D4F150A6B3DC}.Debug|Any CPU.Build.0 = Debug|Any CPU
		{497BE416-C42A-4A18-B816-D4F150A6B3DC}.Release|Any CPU.ActiveCfg = Release|Any CPU
		{497BE416-C42A-4A18-B816-D4F150A6B3DC}.Release|Any CPU.Build.0 = Release|Any CPU
		{8AD76FA1-331C-4F19-A568-7DFEEAC4269C}.Debug|Any CPU.ActiveCfg = Debug|Any CPU
		{8AD76FA1-331C-4F19-A568-7DFEEAC4269C}.Debug|Any CPU.Build.0 = Debug|Any CPU
		{8AD76FA1-331C-4F19-A568-7DFEEAC4269C}.Release|Any CPU.ActiveCfg = Release|Any CPU
		{8AD76FA1-331C-4F19-A568-7DFEEAC4269C}.Release|Any CPU.Build.0 = Release|Any CPU
	EndGlobalSection
	GlobalSection(SolutionProperties) = preSolution
		HideSolutionNode = FALSE
	EndGlobalSection
	GlobalSection(NestedProjects) = preSolution
		{8F5B00DE-BE47-4258-91DD-614A18A7BB4D} = {F0C7F569-8387-4F25-A07B-CAFC2CABE4B1}
		{84CECC3B-9F3B-472E-8C74-03F78157BF29} = {F0C7F569-8387-4F25-A07B-CAFC2CABE4B1}
		{2F28952E-C632-478A-8180-A8FE899B4A7E} = {F0C7F569-8387-4F25-A07B-CAFC2CABE4B1}
		{2C771987-E0D2-4D04-8432-B4F2768BF59D} = {F0C7F569-8387-4F25-A07B-CAFC2CABE4B1}
		{4F37A3BE-CC19-41E1-8820-1E1F4AAA1ADD} = {6DE0A56F-9B90-41C1-A918-DA8945F29715}
		{49F4DD6F-AAA2-442C-9ACC-E88A3569CBAD} = {3E8370D1-CB36-4A26-960C-8D53A431AEC3}
		{DD3BDD06-1EB3-4A8F-BB2A-604E57CEB20E} = {8ED3C155-0C3B-41E7-8E5E-5D2DB7BE0ADB}
		{AF8BC150-ECEC-4C5F-B17A-E3D1367323F5} = {8ED3C155-0C3B-41E7-8E5E-5D2DB7BE0ADB}
		{05A50D39-8537-49EB-983A-122FF0FD6159} = {8ED3C155-0C3B-41E7-8E5E-5D2DB7BE0ADB}
		{0D70BF37-B592-46A9-9A4C-60AA08DCC702} = {3E8370D1-CB36-4A26-960C-8D53A431AEC3}
		{497BE416-C42A-4A18-B816-D4F150A6B3DC} = {47055E47-78E4-468C-BE2E-25A92151546E}
		{8AD76FA1-331C-4F19-A568-7DFEEAC4269C} = {363DD277-EE06-4ABD-B0E5-C6EA5DAB5885}
	EndGlobalSection
	GlobalSection(ExtensibilityGlobals) = postSolution
		SolutionGuid = {8102AED6-CC2F-4270-A644-8D8F46D2514D}
	EndGlobalSection
EndGlobal
